
Microsoft Visual Studio Solution File, Format Version 12.00
# Visual Studio Version 16
VisualStudioVersion = 16.0.30804.86
MinimumVisualStudioVersion = 10.0.40219.1
Project("{9A19103F-16F7-4668-BE54-9A1E7A4F7556}") = "Blogg.SemaphoreSlim", "Blogg.SemaphoreSlim\Blogg.SemaphoreSlim.csproj", "{CE7111C2-E0CF-4973-B339-F45C0CB9C983}"
EndProject
Project("{FAE04EC0-301F-11D3-BF4B-00C04F79EFBC}") = "Blogg.WebApp", "Blogg.WebApp\Blogg.WebApp.csproj", "{2F1637EB-968D-4E8F-81EC-E1F8D5462C6B}"
EndProject
Global
	GlobalSection(SolutionConfigurationPlatforms) = preSolution
		Debug|Any CPU = Debug|Any CPU
		Release|Any CPU = Release|Any CPU
	EndGlobalSection
	GlobalSection(ProjectConfigurationPlatforms) = postSolution
		{CE7111C2-E0CF-4973-B339-F45C0CB9C983}.Debug|Any CPU.ActiveCfg = Debug|Any CPU
		{CE7111C2-E0CF-4973-B339-F45C0CB9C983}.Debug|Any CPU.Build.0 = Debug|Any CPU
		{CE7111C2-E0CF-4973-B339-F45C0CB9C983}.Release|Any CPU.ActiveCfg = Release|Any CPU
		{CE7111C2-E0CF-4973-B339-F45C0CB9C983}.Release|Any CPU.Build.0 = Release|Any CPU
		{2F1637EB-968D-4E8F-81EC-E1F8D5462C6B}.Debug|Any CPU.ActiveCfg = Debug|Any CPU
		{2F1637EB-968D-4E8F-81EC-E1F8D5462C6B}.Debug|Any CPU.Build.0 = Debug|Any CPU
		{2F1637EB-968D-4E8F-81EC-E1F8D5462C6B}.Release|Any CPU.ActiveCfg = Release|Any CPU
		{2F1637EB-968D-4E8F-81EC-E1F8D5462C6B}.Release|Any CPU.Build.0 = Release|Any CPU
	EndGlobalSection
	GlobalSection(SolutionProperties) = preSolution
		HideSolutionNode = FALSE
	EndGlobalSection
	GlobalSection(ExtensibilityGlobals) = postSolution
		SolutionGuid = {BD27B5C7-5AB8-4233-B71B-34A2B2889E54}
	EndGlobalSection
EndGlobal
